{
  "nodes": {
    "nixpkgs": {
      "locked": {
        "lastModified": 1781131077,
        "narHash": "sha256-5VFmgqlzXKT8VTPaNxW+9hWKYFG/ZJDhOkT+7NpVWk8=",
        "owner": "tinted-software",
        "repo": "nixpkgs",
        "rev": "69c04907aea35364df263ba411889eb4eb6bfe09",
        "type": "github"
      },
      "original": {
        "owner": "tinted-software",
        "repo": "nixpkgs",
        "type": "github"
      }
    },
    "root": {
      "inputs": {
        "nixpkgs": "nixpkgs"
      }
    }
  },
  "root": "root",
  "version": 7
}
